<?xml version="1.0" encoding="utf-8"?>
<Project ToolsVersion="4.0" xmlns="http://schemas.microsoft.com/developer/msbuild/2003">
  <ItemGroup>
    <Filter Include="Source Files">
      <UniqueIdentifier>{4FC737F1-C7A5-4376-A066-2A32D752A2FF}</UniqueIdentifier>
      <Extensions>cpp;c;cc;cxx;def;odl;idl;hpj;bat;asm;asmx</Extensions>
    </Filter>
    <Filter Include="Header Files">
      <UniqueIdentifier>{93995380-89BD-4b04-88EB-625FBE52EBFB}</UniqueIdentifier>
      <Extensions>h;hh;hpp;hxx;hm;inl;inc;ipp;xsd</Extensions>
    </Filter>
    <Filter Include="Resource Files">
      <UniqueIdentifier>{67DA6AB6-F800-4c08-8B7A-83BB121AAD01}</UniqueIdentifier>
      <Extensions>rc;ico;cur;bmp;dlg;rc2;rct;bin;rgs;gif;jpg;jpeg;jpe;resx;tiff;tif;png;wav;mfcribbon-ms</Extensions>
    </Filter>
    <Filter Include="Test">
      <UniqueIdentifier>{62c78558-f833-4f1b-af5d-1098c8f8e400}</UniqueIdentifier>
    </Filter>
  </ItemGroup>
  <ItemGroup>
    <ClCompile Include="test\swimTrackerTest.cpp">
      <Filter>Test</Filter>
    </ClCompile>
    <ClCompile Include="rtSwimTracker.cpp" />
    <ClCompile Include="src\addAnotherFile.cpp">
      <Filter>Source Files</Filter>
    </ClCompile>
    <ClCompile Include="src\HungarianAlgorithm.cpp">
      <Filter>Source Files</Filter>
    </ClCompile>
    <ClCompile Include="src\KalmanTracker.cpp">
      <Filter>Source Files</Filter>
    </ClCompile>
    <ClCompile Include="src\sort_tracker.cpp">
      <Filter>Source Files</Filter>
    </ClCompile>
    <ClCompile Include="src\frameAnalysis.cpp">
      <Filter>Source Files</Filter>
    </ClCompile>
    <ClCompile Include="src\sortTrackerPipelined.cpp">
      <Filter>Source Files</Filter>
    </ClCompile>
    <ClCompile Include="test\swimTrackerSpeedTest.cpp">
      <Filter>Test</Filter>
    </ClCompile>
    <ClCompile Include="src\fileFinder.cpp">
      <Filter>Source Files</Filter>
    </ClCompile>
    <ClCompile Include="src\objectCentering.cpp">
      <Filter>Source Files</Filter>
    </ClCompile>
    <ClCompile Include="src\swimmerDetector.cpp">
      <Filter>Source Files</Filter>
    </ClCompile>
    <ClCompile Include="src\TrackingBox.cpp">
      <Filter>Source Files</Filter>
    </ClCompile>
    <ClCompile Include="src\SpeedReporter.cpp">
      <Filter>Source Files</Filter>
    </ClCompile>
    <ClCompile Include="src\buttonGUI.cpp">
      <Filter>Source Files</Filter>
    </ClCompile>
  </ItemGroup>
  <ItemGroup>
    <ClInclude Include="include\addAnotherFile.h">
      <Filter>Header Files</Filter>
    </ClInclude>
    <ClInclude Include="include\HungarianAlgorithm.h">
      <Filter>Header Files</Filter>
    </ClInclude>
    <ClInclude Include="include\KalmanTracker.h">
      <Filter>Header Files</Filter>
    </ClInclude>
    <ClInclude Include="include\sort_tracker.h">
      <Filter>Header Files</Filter>
    </ClInclude>
    <ClInclude Include="include\frameAnalysis.h">
      <Filter>Header Files</Filter>
    </ClInclude>
    <ClInclude Include="include\sortTrackerPipelined.h">
      <Filter>Header Files</Filter>
    </ClInclude>
    <ClInclude Include="include\fileFinder.h">
      <Filter>Header Files</Filter>
    </ClInclude>
    <ClInclude Include="include\objectCentering.h">
      <Filter>Header Files</Filter>
    </ClInclude>
    <ClInclude Include="include\swimmerDetector.h">
      <Filter>Header Files</Filter>
    </ClInclude>
    <ClInclude Include="include\TrackingBox.h">
      <Filter>Header Files</Filter>
    </ClInclude>
    <ClInclude Include="include\SpeedReporter.h">
      <Filter>Header Files</Filter>
    </ClInclude>
    <ClInclude Include="include\buttonGUI.h">
      <Filter>Header Files</Filter>
    </ClInclude>
  </ItemGroup>
</Project>